
Microsoft Visual Studio Solution File, Format Version 12.00
# Visual Studio 15
Project("{FAE04EC0-301F-11D3-BF4B-00C04F79EFBC}") = "ProductsAPI", "ProductsAPI.csproj", "{BF310F29-AC92-4C32-A3E8-938E1369F7FD}"
EndProject
Global
	GlobalSection(SolutionConfigurationPlatforms) = preSolution
		Debug|Any CPU = Debug|Any CPU
		Release|Any CPU = Release|Any CPU
	EndGlobalSection
	GlobalSection(ProjectConfigurationPlatforms) = postSolution
		{BF310F29-AC92-4C32-A3E8-938E1369F7FD}.Debug|Any CPU.ActiveCfg = Debug|Any CPU
		{BF310F29-AC92-4C32-A3E8-938E1369F7FD}.Debug|Any CPU.Build.0 = Debug|Any CPU
		{BF310F29-AC92-4C32-A3E8-938E1369F7FD}.Release|Any CPU.ActiveCfg = Release|Any CPU
		{BF310F29-AC92-4C32-A3E8-938E1369F7FD}.Release|Any CPU.Build.0 = Release|Any CPU
	EndGlobalSection
EndGlobal
